
Microsoft Visual Studio Solution File, Format Version 12.00
# Visual Studio Version 16
VisualStudioVersion = 16.0.30907.101
MinimumVisualStudioVersion = 10.0.40219.1
Project("{FAE04EC0-301F-11D3-BF4B-00C04F79EFBC}") = "KnowledgeBase", "KnowledgeBase\KnowledgeBase.csproj", "{66E13CC4-A99B-42DF-A866-D24D56A2F0A7}"
EndProject
Global
	GlobalSection(SolutionConfigurationPlatforms) = preSolution
		Debug|Any CPU = Debug|Any CPU
		Release|Any CPU = Release|Any CPU
	EndGlobalSection
	GlobalSection(ProjectConfigurationPlatforms) = postSolution
		{66E13CC4-A99B-42DF-A866-D24D56A2F0A7}.Debug|Any CPU.ActiveCfg = Debug|Any CPU
		{66E13CC4-A99B-42DF-A866-D24D56A2F0A7}.Debug|Any CPU.Build.0 = Debug|Any CPU
		{66E13CC4-A99B-42DF-A866-D24D56A2F0A7}.Release|Any CPU.ActiveCfg = Release|Any CPU
		{66E13CC4-A99B-42DF-A866-D24D56A2F0A7}.Release|Any CPU.Build.0 = Release|Any CPU
	EndGlobalSection
	GlobalSection(SolutionProperties) = preSolution
		HideSolutionNode = FALSE
	EndGlobalSection
	GlobalSection(ExtensibilityGlobals) = postSolution
		SolutionGuid = {752BAA72-2C28-42FA-A84F-5DF43C237D19}
	EndGlobalSection
EndGlobal
